// !$*UTF8*$!
{
	archiveVersion = 1;
	classes = {
	};
	objectVersion = 46;
	objects = {

/* Begin PBXBuildFile section */
		7294D3371A99D5F40096B219 /* main.m in Sources */ = {isa = PBXBuildFile; fileRef = 7294D3361A99D5F40096B219 /* main.m */; };
		7294D33A1A99D5F40096B219 /* AppDelegate.m in Sources */ = {isa = PBXBuildFile; fileRef = 7294D3391A99D5F40096B219 /* AppDelegate.m */; };
		7294D33D1A99D5F40096B219 /* ViewController.m in Sources */ = {isa = PBXBuildFile; fileRef = 7294D33C1A99D5F40096B219 /* ViewController.m */; };
		7294D3401A99D5F40096B219 /* Main.storyboard in Resources */ = {isa = PBXBuildFile; fileRef = 7294D33E1A99D5F40096B219 /* Main.storyboard */; };
		7294D3421A99D5F40096B219 /* Images.xcassets in Resources */ = {isa = PBXBuildFile; fileRef = 7294D3411A99D5F40096B219 /* Images.xcassets */; };
		7294D3451A99D5F40096B219 /* LaunchScreen.xib in Resources */ = {isa = PBXBuildFile; fileRef = 7294D3431A99D5F40096B219 /* LaunchScreen.xib */; };
		7294D3511A99D5F40096B219 /* ZWActionSheetDemoTests.m in Sources */ = {isa = PBXBuildFile; fileRef = 7294D3501A99D5F40096B219 /* ZWActionSheetDemoTests.m */; };
		7294D35C1A99D61D0096B219 /* ZWActionSheet.m in Sources */ = {isa = PBXBuildFile; fileRef = 7294D35B1A99D61D0096B219 /* ZWActionSheet.m */; };
/* End PBXBuildFile section */

/* Begin PBXContainerItemProxy section */
		7294D34B1A99D5F40096B219 /* PBXContainerItemProxy */ = {
			isa = PBXContainerItemProxy;
			containerPortal = 7294D3291A99D5F40096B219 /* Project object */;
			proxyType = 1;
			remoteGlobalIDString = 7294D3301A99D5F40096B219;
			remoteInfo = ZWActionSheetDemo;
		};
/* End PBXContainerItemProxy section */

/* Begin PBXFileReference section */
		7294D3311A99D5F40096B219 /* ZWActionSheetDemo.app */ = {isa = PBXFileReference; explicitFileType = wrapper.application; includeInIndex = 0; path = ZWActionSheetDemo.app; sourceTree = BUILT_PRODUCTS_DIR; };
		7294D3351A99D5F40096B219 /* Info.plist */ = {isa = PBXFileReference; lastKnownFileType = text.plist.xml; path = Info.plist; sourceTree = "<group>"; };
		7294D3361A99D5F40096B219 /* main.m */ = {isa = PBXFileReference; lastKnownFileType = sourcecode.c.objc; path = main.m; sourceTree = "<group>"; };
		7294D3381A99D5F40096B219 /* AppDelegate.h */ = {isa = PBXFileReference; lastKnownFileType = sourcecode.c.h; path = AppDelegate.h; sourceTree = "<group>"; };
		7294D3391A99D5F40096B219 /* AppDelegate.m */ = {isa = PBXFileReference; lastKnownFileType = sourcecode.c.objc; path = AppDelegate.m; sourceTree = "<group>"; };
		7294D33B1A99D5F40096B219 /* ViewController.h */ = {isa = PBXFileReference; lastKnownFileType = sourcecode.c.h; path = ViewController.h; sourceTree = "<group>"; };
		7294D33C1A99D5F40096B219 /* ViewController.m */ = {isa = PBXFileReference; lastKnownFileType = sourcecode.c.objc; path = ViewController.m; sourceTree = "<group>"; };
		7294D33F1A99D5F40096B219 /* Base */ = {isa = PBXFileReference; lastKnownFileType = file.storyboard; name = Base; path = Base.lproj/Main.storyboard; sourceTree = "<group>"; };
		7294D3411A99D5F40096B219 /* Images.xcassets */ = {isa = PBXFileReference; lastKnownFileType = folder.assetcatalog; path = Images.xcassets; sourceTree = "<group>"; };
		7294D3441A99D5F40096B219 /* Base */ = {isa = PBXFileReference; lastKnownFileType = file.xib; name = Base; path = Base.lproj/LaunchScreen.xib; sourceTree = "<group>"; };
		7294D34A1A99D5F40096B219 /* ZWActionSheetDemoTests.xctest */ = {isa = PBXFileReference; explicitFileType = wrapper.cfbundle; includeInIndex = 0; path = ZWActionSheetDemoTests.xctest; sourceTree = BUILT_PRODUCTS_DIR; };
		7294D34F1A99D5F40096B219 /* Info.plist */ = {isa = PBXFileReference; lastKnownFileType = text.plist.xml; path = Info.plist; sourceTree = "<group>"; };
		7294D3501A99D5F40096B219 /* ZWActionSheetDemoTests.m */ = {isa = PBXFileReference; lastKnownFileType = sourcecode.c.objc; path = ZWActionSheetDemoTests.m; sourceTree = "<group>"; };
		7294D35A1A99D61D0096B219 /* ZWActionSheet.h */ = {isa = PBXFileReference; fileEncoding = 4; lastKnownFileType = sourcecode.c.h; path = ZWActionSheet.h; sourceTree = "<group>"; };
		7294D35B1A99D61D0096B219 /* ZWActionSheet.m */ = {isa = PBXFileReference; fileEncoding = 4; lastKnownFileType = sourcecode.c.objc; path = ZWActionSheet.m; sourceTree = "<group>"; };
/* End PBXFileReference section */

/* Begin PBXFrameworksBuildPhase section */
		7294D32E1A99D5F40096B219 /* Frameworks */ = {
			isa = PBXFrameworksBuildPhase;
			buildActionMask = 2147483647;
			files = (
			);
			runOnlyForDeploymentPostprocessing = 0;
		};
		7294D3471A99D5F40096B219 /* Frameworks */ = {
			isa = PBXFrameworksBuildPhase;
			buildActionMask = 2147483647;
			files = (
			);
			runOnlyForDeploymentPostprocessing = 0;
		};
/* End PBXFrameworksBuildPhase section */

/* Begin PBXGroup section */
		7294D3281A99D5F40096B219 = {
			isa = PBXGroup;
			children = (
				7294D3331A99D5F40096B219 /* ZWActionSheetDemo */,
				7294D34D1A99D5F40096B219 /* ZWActionSheetDemoTests */,
				7294D3321A99D5F40096B219 /* Products */,
			);
			sourceTree = "<group>";
		};
		7294D3321A99D5F40096B219 /* Products */ = {
			isa = PBXGroup;
			children = (
				7294D3311A99D5F40096B219 /* ZWActionSheetDemo.app */,
				7294D34A1A99D5F40096B219 /* ZWActionSheetDemoTests.xctest */,
			);
			name = Products;
			sourceTree = "<group>";
		};
		7294D3331A99D5F40096B219 /* ZWActionSheetDemo */ = {
			isa = PBXGroup;
			children = (
				7294D3381A99D5F40096B219 /* AppDelegate.h */,
				7294D3391A99D5F40096B219 /* AppDelegate.m */,
				7294D33B1A99D5F40096B219 /* ViewController.h */,
				7294D33C1A99D5F40096B219 /* ViewController.m */,
				7294D33E1A99D5F40096B219 /* Main.storyboard */,
				7294D35A1A99D61D0096B219 /* ZWActionSheet.h */,
				7294D35B1A99D61D0096B219 /* ZWActionSheet.m */,
				7294D3411A99D5F40096B219 /* Images.xcassets */,
				7294D3431A99D5F40096B219 /* LaunchScreen.xib */,
				7294D3341A99D5F40096B219 /* Supporting Files */,
			);
			path = ZWActionSheetDemo;
			sourceTree = "<group>";
		};
		7294D3341A99D5F40096B219 /* Supporting Files */ = {
			isa = PBXGroup;
			children = (
				7294D3351A99D5F40096B219 /* Info.plist */,
				7294D3361A99D5F40096B219 /* main.m */,
			);
			name = "Supporting Files";
			sourceTree = "<group>";
		};
		7294D34D1A99D5F40096B219 /* ZWActionSheetDemoTests */ = {
			isa = PBXGroup;
			children = (
				7294D3501A99D5F40096B219 /* ZWActionSheetDemoTests.m */,
				7294D34E1A99D5F40096B219 /* Supporting Files */,
			);
			path = ZWActionSheetDemoTests;
			sourceTree = "<group>";
		};
		7294D34E1A99D5F40096B219 /* Supporting Files */ = {
			isa = PBXGroup;
			children = (
				7294D34F1A99D5F40096B219 /* Info.plist */,
			);
			name = "Supporting Files";
			sourceTree = "<group>";
		};
/* End PBXGroup section */

/* Begin PBXNativeTarget section */
		7294D3301A99D5F40096B219 /* ZWActionSheetDemo */ = {
			isa = PBXNativeTarget;
			buildConfigurationList = 7294D3541A99D5F40096B219 /* Build configuration list for PBXNativeTarget "ZWActionSheetDemo" */;
			buildPhases = (
				7294D32D1A99D5F40096B219 /* Sources */,
				7294D32E1A99D5F40096B219 /* Frameworks */,
				7294D32F1A99D5F40096B219 /* Resources */,
			);
			buildRules = (
			);
			dependencies = (
			);
			name = ZWActionSheetDemo;
			productName = ZWActionSheetDemo;
			productReference = 7294D3311A99D5F40096B219 /* ZWActionSheetDemo.app */;
			productType = "com.apple.product-type.application";
		};
		7294D3491A99D5F40096B219 /* ZWActionSheetDemoTests */ = {
			isa = PBXNativeTarget;
			buildConfigurationList = 7294D3571A99D5F40096B219 /* Build configuration list for PBXNativeTarget "ZWActionSheetDemoTests" */;
			buildPhases = (
				7294D3461A99D5F40096B219 /* Sources */,
				7294D3471A99D5F40096B219 /* Frameworks */,
				7294D3481A99D5F40096B219 /* Resources */,
			);
			buildRules = (
			);
			dependencies = (
				7294D34C1A99D5F40096B219 /* PBXTargetDependency */,
			);
			name = ZWActionSheetDemoTests;
			productName = ZWActionSheetDemoTests;
			productReference = 7294D34A1A99D5F40096B219 /* ZWActionSheetDemoTests.xctest */;
			productType = "com.apple.product-type.bundle.unit-test";
		};
/* End PBXNativeTarget section */

/* Begin PBXProject section */
		7294D3291A99D5F40096B219 /* Project object */ = {
			isa = PBXProject;
			attributes = {
				LastUpgradeCheck = 0610;
				ORGANIZATIONNAME = ZhangWei;
				TargetAttributes = {
					7294D3301A99D5F40096B219 = {
						CreatedOnToolsVersion = 6.1.1;
					};
					7294D3491A99D5F40096B219 = {
						CreatedOnToolsVersion = 6.1.1;
						TestTargetID = 7294D3301A99D5F40096B219;
					};
				};
			};
			buildConfigurationList = 7294D32C1A99D5F40096B219 /* Build configuration list for PBXProject "ZWActionSheetDemo" */;
			compatibilityVersion = "Xcode 3.2";
			developmentRegion = English;
			hasScannedForEncodings = 0;
			knownRegions = (
				en,
				Base,
			);
			mainGroup = 7294D3281A99D5F40096B219;
			productRefGroup = 7294D3321A99D5F40096B219 /* Products */;
			projectDirPath = "";
			projectRoot = "";
			targets = (
				7294D3301A99D5F40096B219 /* ZWActionSheetDemo */,
				7294D3491A99D5F40096B219 /* ZWActionSheetDemoTests */,
			);
		};
/* End PBXProject section */

/* Begin PBXResourcesBuildPhase section */
		7294D32F1A99D5F40096B219 /* Resources */ = {
			isa = PBXResourcesBuildPhase;
			buildActionMask = 2147483647;
			files = (
				7294D3401A99D5F40096B219 /* Main.storyboard in Resources */,
				7294D3451A99D5F40096B219 /* LaunchScreen.xib in Resources */,
				7294D3421A99D5F40096B219 /* Images.xcassets in Resources */,
			);
			runOnlyForDeploymentPostprocessing = 0;
		};
		7294D3481A99D5F40096B219 /* Resources */ = {
			isa = PBXResourcesBuildPhase;
			buildActionMask = 2147483647;
			files = (
			);
			runOnlyForDeploymentPostprocessing = 0;
		};
/* End PBXResourcesBuildPhase section */

/* Begin PBXSourcesBuildPhase section */
		7294D32D1A99D5F40096B219 /* Sources */ = {
			isa = PBXSourcesBuildPhase;
			buildActionMask = 2147483647;
			files = (
				7294D33D1A99D5F40096B219 /* ViewController.m in Sources */,
				7294D33A1A99D5F40096B219 /* AppDelegate.m in Sources */,
				7294D35C1A99D61D0096B219 /* ZWActionSheet.m in Sources */,
				7294D3371A99D5F40096B219 /* main.m in Sources */,
			);
			runOnlyForDeploymentPostprocessing = 0;
		};
		7294D3461A99D5F40096B219 /* Sources */ = {
			isa = PBXSourcesBuildPhase;
			buildActionMask = 2147483647;
			files = (
				7294D3511A99D5F40096B219 /* ZWActionSheetDemoTests.m in Sources */,
			);
			runOnlyForDeploymentPostprocessing = 0;
		};
/* End PBXSourcesBuildPhase section */

/* Begin PBXTargetDependency section */
		7294D34C1A99D5F40096B219 /* PBXTargetDependency */ = {
			isa = PBXTargetDependency;
			target = 7294D3301A99D5F40096B219 /* ZWActionSheetDemo */;
			targetProxy = 7294D34B1A99D5F40096B219 /* PBXContainerItemProxy */;
		};
/* End PBXTargetDependency section */

/* Begin PBXVariantGroup section */
		7294D33E1A99D5F40096B219 /* Main.storyboard */ = {
			isa = PBXVariantGroup;
			children = (
				7294D33F1A99D5F40096B219 /* Base */,
			);
			name = Main.storyboard;
			sourceTree = "<group>";
		};
		7294D3431A99D5F40096B219 /* LaunchScreen.xib */ = {
			isa = PBXVariantGroup;
			children = (
				7294D3441A99D5F40096B219 /* Base */,
			);
			name = LaunchScreen.xib;
			sourceTree = "<group>";
		};
/* End PBXVariantGroup section */

/* Begin XCBuildConfiguration section */
		7294D3521A99D5F40096B219 /* Debug */ = {
			isa = XCBuildConfiguration;
			buildSettings = {
				ALWAYS_SEARCH_USER_PATHS = NO;
				CLANG_CXX_LANGUAGE_STANDARD = "gnu++0x";
				CLANG_CXX_LIBRARY = "libc++";
				CLANG_ENABLE_MODULES = YES;
				CLANG_ENABLE_OBJC_ARC = YES;
				CLANG_WARN_BOOL_CONVERSION = YES;
				CLANG_WARN_CONSTANT_CONVERSION = YES;
				CLANG_WARN_DIRECT_OBJC_ISA_USAGE = YES_ERROR;
				CLANG_WARN_EMPTY_BODY = YES;
				CLANG_WARN_ENUM_CONVERSION = YES;
				CLANG_WARN_INT_CONVERSION = YES;
				CLANG_WARN_OBJC_ROOT_CLASS = YES_ERROR;
				CLANG_WARN_UNREACHABLE_CODE = YES;
				CLANG_WARN__DUPLICATE_METHOD_MATCH = YES;
				"CODE_SIGN_IDENTITY[sdk=iphoneos*]" = "iPhone Developer";
				COPY_PHASE_STRIP = NO;
				ENABLE_STRICT_OBJC_MSGSEND = YES;
				GCC_C_LANGUAGE_STANDARD = gnu99;
				GCC_DYNAMIC_NO_PIC = NO;
				GCC_OPTIMIZATION_LEVEL = 0;
				GCC_PREPROCESSOR_DEFINITIONS = (
					"DEBUG=1",
					"$(inherited)",
				);
				GCC_SYMBOLS_PRIVATE_EXTERN = NO;
				GCC_WARN_64_TO_32_BIT_CONVERSION = YES;
				GCC_WARN_ABOUT_RETURN_TYPE = YES_ERROR;
				GCC_WARN_UNDECLARED_SELECTOR = YES;
				GCC_WARN_UNINITIALIZED_AUTOS = YES_AGGRESSIVE;
				GCC_WARN_UNUSED_FUNCTION = YES;
				GCC_WARN_UNUSED_VARIABLE = YES;
				IPHONEOS_DEPLOYMENT_TARGET = 8.1;
				MTL_ENABLE_DEBUG_INFO = YES;
				ONLY_ACTIVE_ARCH = YES;
				SDKROOT = iphoneos;
			};
			name = Debug;
		};
		7294D3531A99D5F40096B219 /* Release */ = {
			isa = XCBuildConfiguration;
			buildSettings = {
				ALWAYS_SEARCH_USER_PATHS = NO;
				CLANG_CXX_LANGUAGE_STANDARD = "gnu++0x";
				CLANG_CXX_LIBRARY = "libc++";
				CLANG_ENABLE_MODULES = YES;
				CLANG_ENABLE_OBJC_ARC = YES;
				CLANG_WARN_BOOL_CONVERSION = YES;
				CLANG_WARN_CONSTANT_CONVERSION = YES;
				CLANG_WARN_DIRECT_OBJC_ISA_USAGE = YES_ERROR;
				CLANG_WARN_EMPTY_BODY = YES;
				CLANG_WARN_ENUM_CONVERSION = YES;
				CLANG_WARN_INT_CONVERSION = YES;
				CLANG_WARN_OBJC_ROOT_CLASS = YES_ERROR;
				CLANG_WARN_UNREACHABLE_CODE = YES;
				CLANG_WARN__DUPLICATE_METHOD_MATCH = YES;
				"CODE_SIGN_IDENTITY[sdk=iphoneos*]" = "iPhone Developer";
				COPY_PHASE_STRIP = YES;
				ENABLE_NS_ASSERTIONS = NO;
				ENABLE_STRICT_OBJC_MSGSEND = YES;
				GCC_C_LANGUAGE_STANDARD = gnu99;
				GCC_WARN_64_TO_32_BIT_CONVERSION = YES;
				GCC_WARN_ABOUT_RETURN_TYPE = YES_ERROR;
				GCC_WARN_UNDECLARED_SELECTOR = YES;
				GCC_WARN_UNINITIALIZED_AUTOS = YES_AGGRESSIVE;
				GCC_WARN_UNUSED_FUNCTION = YES;
				GCC_WARN_UNUSED_VARIABLE = YES;
				IPHONEOS_DEPLOYMENT_TARGET = 8.1;
				MTL_ENABLE_DEBUG_INFO = NO;
				SDKROOT = iphoneos;
				VALIDATE_PRODUCT = YES;
			};
			name = Release;
		};
		7294D3551A99D5F40096B219 /* Debug */ = {
			isa = XCBuildConfiguration;
			buildSettings = {
				ASSETCATALOG_COMPILER_APPICON_NAME = AppIcon;
				INFOPLIST_FILE = ZWActionSheetDemo/Info.plist;
				LD_RUNPATH_SEARCH_PATHS = "$(inherited) @executable_path/Frameworks";
				PRODUCT_NAME = "$(TARGET_NAME)";
			};
			name = Debug;
		};
		7294D3561A99D5F40096B219 /* Release */ = {
			isa = XCBuildConfiguration;
			buildSettings = {
				ASSETCATALOG_COMPILER_APPICON_NAME = AppIcon;
				INFOPLIST_FILE = ZWActionSheetDemo/Info.plist;
				LD_RUNPATH_SEARCH_PATHS = "$(inherited) @executable_path/Frameworks";
				PRODUCT_NAME = "$(TARGET_NAME)";
			};
			name = Release;
		};
		7294D3581A99D5F40096B219 /* Debug */ = {
			isa = XCBuildConfiguration;
			buildSettings = {
				BUNDLE_LOADER = "$(TEST_HOST)";
				FRAMEWORK_SEARCH_PATHS = (
					"$(SDKROOT)/Developer/Library/Frameworks",
					"$(inherited)",
				);
				GCC_PREPROCESSOR_DEFINITIONS = (
					"DEBUG=1",
					"$(inherited)",
				);
				INFOPLIST_FILE = ZWActionSheetDemoTests/Info.plist;
				LD_RUNPATH_SEARCH_PATHS = "$(inherited) @executable_path/Frameworks @loader_path/Frameworks";
				PRODUCT_NAME = "$(TARGET_NAME)";
				TEST_HOST = "$(BUILT_PRODUCTS_DIR)/ZWActionSheetDemo.app/ZWActionSheetDemo";
			};
			name = Debug;
		};
		7294D3591A99D5F40096B219 /* Release */ = {
			isa = XCBuildConfiguration;
			buildSettings = {
				BUNDLE_LOADER = "$(TEST_HOST)";
				FRAMEWORK_SEARCH_PATHS = (
					"$(SDKROOT)/Developer/Library/Frameworks",
					"$(inherited)",
				);
				INFOPLIST_FILE = ZWActionSheetDemoTests/Info.plist;
				LD_RUNPATH_SEARCH_PATHS = "$(inherited) @executable_path/Frameworks @loader_path/Frameworks";
				PRODUCT_NAME = "$(TARGET_NAME)";
				TEST_HOST = "$(BUILT_PRODUCTS_DIR)/ZWActionSheetDemo.app/ZWActionSheetDemo";
			};
			name = Release;
		};
/* End XCBuildConfiguration section */

/* Begin XCConfigurationList section */
		7294D32C1A99D5F40096B219 /* Build configuration list for PBXProject "ZWActionSheetDemo" */ = {
			isa = XCConfigurationList;
			buildConfigurations = (
				7294D3521A99D5F40096B219 /* Debug */,
				7294D3531A99D5F40096B219 /* Release */,
			);
			defaultConfigurationIsVisible = 0;
			defaultConfigurationName = Release;
		};
		7294D3541A99D5F40096B219 /* Build configuration list for PBXNativeTarget "ZWActionSheetDemo" */ = {
			isa = XCConfigurationList;
			buildConfigurations = (
				7294D3551A99D5F40096B219 /* Debug */,
				7294D3561A99D5F40096B219 /* Release */,
			);
			defaultConfigurationIsVisible = 0;
		};
		7294D3571A99D5F40096B219 /* Build configuration list for PBXNativeTarget "ZWActionSheetDemoTests" */ = {
			isa = XCConfigurationList;
			buildConfigurations = (
				7294D3581A99D5F40096B219 /* Debug */,
				7294D3591A99D5F40096B219 /* Release */,
			);
			defaultConfigurationIsVisible = 0;
		};
/* End XCConfigurationList section */
	};
	rootObject = 7294D3291A99D5F40096B219 /* Project object */;
}
